{
  "lockfile_version": "1",
  "packages": {
    "git@2.49.0": {
      "last_modified": "2025-05-06T08:06:31Z",
      "resolved": "github:NixOS/nixpkgs/1cb1c02a6b1b7cf67e3d7731cbbf327a53da9679#git",
      "source": "devbox-search",
      "version": "2.49.0",
      "systems": {
        "aarch64-darwin": {
          "outputs": [
            {
              "name": "out",
              "path": "/nix/store/s5b9rm8fjxggjak0yl2dkxzswfpzl8p8-git-2.49.0",
              "default": true
            },
            {
              "name": "doc",
              "path": "/nix/store/2hygrabh741w0ynwcb6gy2922cx4fnj3-git-2.49.0-doc"
            }
          ],
          "store_path": "/nix/store/s5b9rm8fjxggjak0yl2dkxzswfpzl8p8-git-2.49.0"
        },
        "aarch64-linux": {
          "outputs": [
            {
              "name": "out",
              "path": "/nix/store/rs24n34brzvcmgld6mgfg0dd7ynv26pp-git-2.49.0",
              "default": true
            },
            {
              "name": "debug",
              "path": "/nix/store/wgki5jsxgg6lxqh98jgbj9dnwv7f68cw-git-2.49.0-debug"
            },
            {
              "name": "doc",
              "path": "/nix/store/3h7fnw0qhy92c8iyrv2i64r6wywsnjsa-git-2.49.0-doc"
            }
          ],
          "store_path": "/nix/store/rs24n34brzvcmgld6mgfg0dd7ynv26pp-git-2.49.0"
        },
        "x86_64-darwin": {
          "outputs": [
            {
              "name": "out",
              "path": "/nix/store/0zv7h6mzrxk0sarvis22imr9nmnmqlpg-git-2.49.0",
              "default": true
            },
            {
              "name": "doc",
              "path": "/nix/store/yiy6g5pi9jvp2nzgd4ncfwbhs13nwwz1-git-2.49.0-doc"
            }
          ],
          "store_path": "/nix/store/0zv7h6mzrxk0sarvis22imr9nmnmqlpg-git-2.49.0"
        },
        "x86_64-linux": {
          "outputs": [
            {
              "name": "out",
              "path": "/nix/store/z8z1mhfnvw40dwljqazxv0343sv5ds2g-git-2.49.0",
              "default": true
            },
            {
              "name": "debug",
              "path": "/nix/store/w547h0xwq9489xnqg1ddqlh1v71xvng8-git-2.49.0-debug"
            },
            {
              "name": "doc",
              "path": "/nix/store/rjjf5h1qcwgdxs9w23h6p0bhavgaknyh-git-2.49.0-doc"
            }
          ],
          "store_path": "/nix/store/z8z1mhfnvw40dwljqazxv0343sv5ds2g-git-2.49.0"
        }
      }
    },
    "github:NixOS/nixpkgs/nixpkgs-unstable": {
      "last_modified": "2025-04-11T04:58:38Z",
      "resolved": "github:NixOS/nixpkgs/642c54c23609fefb5708b0e2be261446c59138f6?lastModified=1744347518&narHash=sha256-4Y0ByuP4NEz2Zyso9Ozob8yR6kKuaunJ5OARv%2BtFLPI%3D"
    },
    "go-task@3.43.2": {
      "last_modified": "2025-05-06T08:06:31Z",
      "resolved": "github:NixOS/nixpkgs/1cb1c02a6b1b7cf67e3d7731cbbf327a53da9679#go-task",
      "source": "devbox-search",
      "version": "3.43.2",
      "systems": {
        "aarch64-darwin": {
          "outputs": [
            {
              "name": "out",
              "path": "/nix/store/39hrm5b9bla7mxbbqf9n1c5a4k5kswln-go-task-3.43.2",
              "default": true
            }
          ],
          "store_path": "/nix/store/39hrm5b9bla7mxbbqf9n1c5a4k5kswln-go-task-3.43.2"
        },
        "aarch64-linux": {
          "outputs": [
            {
              "name": "out",
              "path": "/nix/store/7a1wimm8z159vrb0sx86s39vlwy7nfbz-go-task-3.43.2",
              "default": true
            }
          ],
          "store_path": "/nix/store/7a1wimm8z159vrb0sx86s39vlwy7nfbz-go-task-3.43.2"
        },
        "x86_64-darwin": {
          "outputs": [
            {
              "name": "out",
              "path": "/nix/store/fzs7djm360kivv5dfrlrm6792b6zf14n-go-task-3.43.2",
              "default": true
            }
          ],
          "store_path": "/nix/store/fzs7djm360kivv5dfrlrm6792b6zf14n-go-task-3.43.2"
        },
        "x86_64-linux": {
          "outputs": [
            {
              "name": "out",
              "path": "/nix/store/pnyim2vhfwqh8bqrbd9vwbhqj1vsx2lx-go-task-3.43.2",
              "default": true
            }
          ],
          "store_path": "/nix/store/pnyim2vhfwqh8bqrbd9vwbhqj1vsx2lx-go-task-3.43.2"
        }
      }
    },
    "mkcert@1.4.4": {
      "last_modified": "2025-03-11T17:52:14Z",
      "resolved": "github:NixOS/nixpkgs/0d534853a55b5d02a4ababa1d71921ce8f0aee4c#mkcert",
      "source": "devbox-search",
      "version": "1.4.4",
      "systems": {
        "aarch64-darwin": {
          "outputs": [
            {
              "name": "out",
              "path": "/nix/store/xlp7aw0favaj9k60f7ss03lx1f5a7ngk-mkcert-1.4.4",
              "default": true
            }
          ],
          "store_path": "/nix/store/xlp7aw0favaj9k60f7ss03lx1f5a7ngk-mkcert-1.4.4"
        },
        "aarch64-linux": {
          "outputs": [
            {
              "name": "out",
              "path": "/nix/store/frllg5x98hpbvl126m9q376k06mccljw-mkcert-1.4.4",
              "default": true
            }
          ],
          "store_path": "/nix/store/frllg5x98hpbvl126m9q376k06mccljw-mkcert-1.4.4"
        },
        "x86_64-darwin": {
          "outputs": [
            {
              "name": "out",
              "path": "/nix/store/l83kf4amb7cbj28m4bsqpl1a5fiip50f-mkcert-1.4.4",
              "default": true
            }
          ],
          "store_path": "/nix/store/l83kf4amb7cbj28m4bsqpl1a5fiip50f-mkcert-1.4.4"
        },
        "x86_64-linux": {
          "outputs": [
            {
              "name": "out",
              "path": "/nix/store/7s2qsfvl1xzisq0bpmwh7d54c1frhbwf-mkcert-1.4.4",
              "default": true
            }
          ],
          "store_path": "/nix/store/7s2qsfvl1xzisq0bpmwh7d54c1frhbwf-mkcert-1.4.4"
        }
      }
    },
    "nodejs@24.0.0": {
      "last_modified": "2025-05-07T00:09:58Z",
      "plugin_version": "0.0.2",
      "resolved": "github:NixOS/nixpkgs/b3582c75c7f21ce0b429898980eddbbf05c68e55#nodejs_24",
      "source": "devbox-search",
      "version": "24.0.0",
      "systems": {
        "aarch64-linux": {
          "outputs": [
            {
              "name": "out",
              "path": "/nix/store/4bhnzcl6mk7i3lbmn4r5ls7i22n4qlc7-nodejs-24.0.0",
              "default": true
            },
            {
              "name": "dev",
              "path": "/nix/store/3vnslzzihs8r5qx8mci972415wlp58fk-nodejs-24.0.0-dev"
            },
            {
              "name": "libv8",
              "path": "/nix/store/wmf4gfzzby0z4gzx7qm2dilplzc1v3rx-nodejs-24.0.0-libv8"
            }
          ],
          "store_path": "/nix/store/4bhnzcl6mk7i3lbmn4r5ls7i22n4qlc7-nodejs-24.0.0"
        },
        "x86_64-linux": {
          "outputs": [
            {
              "name": "out",
              "path": "/nix/store/lv07xcpg100cv31mfcrgncwswzz708gl-nodejs-24.0.0",
              "default": true
            },
            {
              "name": "dev",
              "path": "/nix/store/kva4qpzl1mbp2m1kvsjsh888x5nhwwba-nodejs-24.0.0-dev"
            },
            {
              "name": "libv8",
              "path": "/nix/store/qmmv7bkhfk6g26iinv4xgmy14k3zjhwy-nodejs-24.0.0-libv8"
            }
          ],
          "store_path": "/nix/store/lv07xcpg100cv31mfcrgncwswzz708gl-nodejs-24.0.0"
        }
      }
    }
  }
}
