{
  "lockfile_version": "1",
  "packages": {
    "git@2.49.0": {
      "last_modified": "2025-05-06T08:06:31Z",
      "resolved": "github:NixOS/nixpkgs/1cb1c02a6b1b7cf67e3d7731cbbf327a53da9679#git",
      "source": "devbox-search",
      "version": "2.49.0",
      "systems": {
        "aarch64-darwin": {
          "outputs": [
            {
              "name": "out",
              "path": "/nix/store/s5b9rm8fjxggjak0yl2dkxzswfpzl8p8-git-2.49.0",
              "default": true
            },
            {
              "name": "doc",
              "path": "/nix/store/2hygrabh741w0ynwcb6gy2922cx4fnj3-git-2.49.0-doc"
            }
          ],
          "store_path": "/nix/store/s5b9rm8fjxggjak0yl2dkxzswfpzl8p8-git-2.49.0"
        },
        "aarch64-linux": {
          "outputs": [
            {
              "name": "out",
              "path": "/nix/store/rs24n34brzvcmgld6mgfg0dd7ynv26pp-git-2.49.0",
              "default": true
            },
            {
              "name": "debug",
              "path": "/nix/store/wgki5jsxgg6lxqh98jgbj9dnwv7f68cw-git-2.49.0-debug"
            },
            {
              "name": "doc",
              "path": "/nix/store/3h7fnw0qhy92c8iyrv2i64r6wywsnjsa-git-2.49.0-doc"
            }
          ],
          "store_path": "/nix/store/rs24n34brzvcmgld6mgfg0dd7ynv26pp-git-2.49.0"
        },
        "x86_64-darwin": {
          "outputs": [
            {
              "name": "out",
              "path": "/nix/store/0zv7h6mzrxk0sarvis22imr9nmnmqlpg-git-2.49.0",
              "default": true
            },
            {
              "name": "doc",
              "path": "/nix/store/yiy6g5pi9jvp2nzgd4ncfwbhs13nwwz1-git-2.49.0-doc"
            }
          ],
          "store_path": "/nix/store/0zv7h6mzrxk0sarvis22imr9nmnmqlpg-git-2.49.0"
        },
        "x86_64-linux": {
          "outputs": [
            {
              "name": "out",
              "path": "/nix/store/z8z1mhfnvw40dwljqazxv0343sv5ds2g-git-2.49.0",
              "default": true
            },
            {
              "name": "debug",
              "path": "/nix/store/w547h0xwq9489xnqg1ddqlh1v71xvng8-git-2.49.0-debug"
            },
            {
              "name": "doc",
              "path": "/nix/store/rjjf5h1qcwgdxs9w23h6p0bhavgaknyh-git-2.49.0-doc"
            }
          ],
          "store_path": "/nix/store/z8z1mhfnvw40dwljqazxv0343sv5ds2g-git-2.49.0"
        }
      }
    },
    "github:NixOS/nixpkgs/nixpkgs-unstable": {
      "last_modified": "2025-04-11T04:58:38Z",
      "resolved": "github:NixOS/nixpkgs/642c54c23609fefb5708b0e2be261446c59138f6?lastModified=1744347518&narHash=sha256-4Y0ByuP4NEz2Zyso9Ozob8yR6kKuaunJ5OARv%2BtFLPI%3D"
    },
    "go-task@3.43.3": {
      "last_modified": "2025-05-16T20:19:48Z",
      "resolved": "github:NixOS/nixpkgs/12a55407652e04dcf2309436eb06fef0d3713ef3#go-task",
      "source": "devbox-search",
      "version": "3.43.3",
      "systems": {
        "aarch64-darwin": {
          "outputs": [
            {
              "name": "out",
              "path": "/nix/store/5h0ykqayf8kfxwqlawzxvm05hlq7n22c-go-task-3.43.3",
              "default": true
            }
          ],
          "store_path": "/nix/store/5h0ykqayf8kfxwqlawzxvm05hlq7n22c-go-task-3.43.3"
        },
        "aarch64-linux": {
          "outputs": [
            {
              "name": "out",
              "path": "/nix/store/xxl2rg7k3c95gk5s0kwj8p8055r4yldf-go-task-3.43.3",
              "default": true
            }
          ],
          "store_path": "/nix/store/xxl2rg7k3c95gk5s0kwj8p8055r4yldf-go-task-3.43.3"
        },
        "x86_64-darwin": {
          "outputs": [
            {
              "name": "out",
              "path": "/nix/store/4az7i4f6lm4ss77wnf8kklkr21hrfhns-go-task-3.43.3",
              "default": true
            }
          ],
          "store_path": "/nix/store/4az7i4f6lm4ss77wnf8kklkr21hrfhns-go-task-3.43.3"
        },
        "x86_64-linux": {
          "outputs": [
            {
              "name": "out",
              "path": "/nix/store/gjdgw1zhvl9hl7mmiw6ncpnpmpxlk2yb-go-task-3.43.3",
              "default": true
            }
          ],
          "store_path": "/nix/store/gjdgw1zhvl9hl7mmiw6ncpnpmpxlk2yb-go-task-3.43.3"
        }
      }
    },
    "mkcert@1.4.4": {
      "last_modified": "2025-03-11T17:52:14Z",
      "resolved": "github:NixOS/nixpkgs/0d534853a55b5d02a4ababa1d71921ce8f0aee4c#mkcert",
      "source": "devbox-search",
      "version": "1.4.4",
      "systems": {
        "aarch64-darwin": {
          "outputs": [
            {
              "name": "out",
              "path": "/nix/store/xlp7aw0favaj9k60f7ss03lx1f5a7ngk-mkcert-1.4.4",
              "default": true
            }
          ],
          "store_path": "/nix/store/xlp7aw0favaj9k60f7ss03lx1f5a7ngk-mkcert-1.4.4"
        },
        "aarch64-linux": {
          "outputs": [
            {
              "name": "out",
              "path": "/nix/store/frllg5x98hpbvl126m9q376k06mccljw-mkcert-1.4.4",
              "default": true
            }
          ],
          "store_path": "/nix/store/frllg5x98hpbvl126m9q376k06mccljw-mkcert-1.4.4"
        },
        "x86_64-darwin": {
          "outputs": [
            {
              "name": "out",
              "path": "/nix/store/l83kf4amb7cbj28m4bsqpl1a5fiip50f-mkcert-1.4.4",
              "default": true
            }
          ],
          "store_path": "/nix/store/l83kf4amb7cbj28m4bsqpl1a5fiip50f-mkcert-1.4.4"
        },
        "x86_64-linux": {
          "outputs": [
            {
              "name": "out",
              "path": "/nix/store/7s2qsfvl1xzisq0bpmwh7d54c1frhbwf-mkcert-1.4.4",
              "default": true
            }
          ],
          "store_path": "/nix/store/7s2qsfvl1xzisq0bpmwh7d54c1frhbwf-mkcert-1.4.4"
        }
      }
    },
    "nodejs@24.0.2": {
      "last_modified": "2025-05-21T18:43:04Z",
      "plugin_version": "0.0.2",
      "resolved": "github:NixOS/nixpkgs/8c441601c43232976179eac52dde704c8bdf81ed#nodejs_24",
      "source": "devbox-search",
      "version": "24.0.2",
      "systems": {
        "aarch64-darwin": {
          "outputs": [
            {
              "name": "out",
              "path": "/nix/store/g18x9zqm1fvxbkq7k64pkvlc07yc2fx1-nodejs-24.0.2",
              "default": true
            },
            {
              "name": "dev",
              "path": "/nix/store/g03gq7qh0zwwj479lxdxp2z92lry0ncf-nodejs-24.0.2-dev"
            },
            {
              "name": "libv8",
              "path": "/nix/store/f767xbpljq7s2w6269jnzqha8fah0gmk-nodejs-24.0.2-libv8"
            }
          ],
          "store_path": "/nix/store/g18x9zqm1fvxbkq7k64pkvlc07yc2fx1-nodejs-24.0.2"
        },
        "aarch64-linux": {
          "outputs": [
            {
              "name": "out",
              "path": "/nix/store/db91h0bv7qnikypzh9ljgdyw76f6mn1a-nodejs-24.0.2",
              "default": true
            },
            {
              "name": "libv8",
              "path": "/nix/store/877klxkxc086qcryqa07p59m73426241-nodejs-24.0.2-libv8"
            },
            {
              "name": "dev",
              "path": "/nix/store/hkysigr96k7m3jxizsr907kmh71ccfzx-nodejs-24.0.2-dev"
            }
          ],
          "store_path": "/nix/store/db91h0bv7qnikypzh9ljgdyw76f6mn1a-nodejs-24.0.2"
        },
        "x86_64-darwin": {
          "outputs": [
            {
              "name": "out",
              "path": "/nix/store/lkij0yk0kaf07wps2bg04dc0x3jwkzp6-nodejs-24.0.2",
              "default": true
            },
            {
              "name": "dev",
              "path": "/nix/store/xh5rq4z6cp28l88mc81m38ylf5fzml40-nodejs-24.0.2-dev"
            },
            {
              "name": "libv8",
              "path": "/nix/store/wkzi8bc8f9xvpil4b086p1b44xsqnpjy-nodejs-24.0.2-libv8"
            }
          ],
          "store_path": "/nix/store/lkij0yk0kaf07wps2bg04dc0x3jwkzp6-nodejs-24.0.2"
        },
        "x86_64-linux": {
          "outputs": [
            {
              "name": "out",
              "path": "/nix/store/mzsb0ap4avc7cg4m3mdjvrpddflbsgad-nodejs-24.0.2",
              "default": true
            },
            {
              "name": "libv8",
              "path": "/nix/store/bmmsz4fnmbh5fhjvy5yc0f557vs9kgm8-nodejs-24.0.2-libv8"
            },
            {
              "name": "dev",
              "path": "/nix/store/7c3qfqspmilb7wm7d31l6rvwv7apsanr-nodejs-24.0.2-dev"
            }
          ],
          "store_path": "/nix/store/mzsb0ap4avc7cg4m3mdjvrpddflbsgad-nodejs-24.0.2"
        }
      }
    }
  }
}
